
Microsoft Visual Studio Solution File, Format Version 12.00
# Visual Studio 15
VisualStudioVersion = 15.0.27703.2000
MinimumVisualStudioVersion = 10.0.40219.1
Project("{FAE04EC0-301F-11D3-BF4B-00C04F79EFBC}") = "MakingAnagrams.UnitTests", "MakingAnagrams.UnitTests\MakingAnagrams.UnitTests.csproj", "{219DD0C4-6504-469B-8A58-84B3CCBC9177}"
EndProject
Global
	GlobalSection(SolutionConfigurationPlatforms) = preSolution
		Debug|Any CPU = Debug|Any CPU
		Release|Any CPU = Release|Any CPU
	EndGlobalSection
	GlobalSection(ProjectConfigurationPlatforms) = postSolution
		{219DD0C4-6504-469B-8A58-84B3CCBC9177}.Debug|Any CPU.ActiveCfg = Debug|Any CPU
		{219DD0C4-6504-469B-8A58-84B3CCBC9177}.Debug|Any CPU.Build.0 = Debug|Any CPU
		{219DD0C4-6504-469B-8A58-84B3CCBC9177}.Release|Any CPU.ActiveCfg = Release|Any CPU
		{219DD0C4-6504-469B-8A58-84B3CCBC9177}.Release|Any CPU.Build.0 = Release|Any CPU
	EndGlobalSection
	GlobalSection(SolutionProperties) = preSolution
		HideSolutionNode = FALSE
	EndGlobalSection
	GlobalSection(ExtensibilityGlobals) = postSolution
		SolutionGuid = {3B56C034-A488-4EA9-ADC2-1653A99030EF}
	EndGlobalSection
EndGlobal
