
Microsoft Visual Studio Solution File, Format Version 12.00
# Visual Studio 15
VisualStudioVersion = 15.0.28307.168
MinimumVisualStudioVersion = 10.0.40219.1
Project("{FAE04EC0-301F-11D3-BF4B-00C04F79EFBC}") = "StringCalculatorUnitTests", "StringCalculator.UnitTests\StringCalculatorUnitTests.csproj", "{68DD4EBF-5DB7-48BE-B6C4-C4F28B80EF88}"
EndProject
Project("{FAE04EC0-301F-11D3-BF4B-00C04F79EFBC}") = "StringCalculatorService", "StringCalculatorService\StringCalculatorService.csproj", "{82B9E9AF-2965-4453-B201-91CB0908277F}"
EndProject
Global
	GlobalSection(SolutionConfigurationPlatforms) = preSolution
		Debug|Any CPU = Debug|Any CPU
		Release|Any CPU = Release|Any CPU
	EndGlobalSection
	GlobalSection(ProjectConfigurationPlatforms) = postSolution
		{68DD4EBF-5DB7-48BE-B6C4-C4F28B80EF88}.Debug|Any CPU.ActiveCfg = Debug|Any CPU
		{68DD4EBF-5DB7-48BE-B6C4-C4F28B80EF88}.Debug|Any CPU.Build.0 = Debug|Any CPU
		{68DD4EBF-5DB7-48BE-B6C4-C4F28B80EF88}.Release|Any CPU.ActiveCfg = Release|Any CPU
		{68DD4EBF-5DB7-48BE-B6C4-C4F28B80EF88}.Release|Any CPU.Build.0 = Release|Any CPU
		{82B9E9AF-2965-4453-B201-91CB0908277F}.Debug|Any CPU.ActiveCfg = Debug|Any CPU
		{82B9E9AF-2965-4453-B201-91CB0908277F}.Debug|Any CPU.Build.0 = Debug|Any CPU
		{82B9E9AF-2965-4453-B201-91CB0908277F}.Release|Any CPU.ActiveCfg = Release|Any CPU
		{82B9E9AF-2965-4453-B201-91CB0908277F}.Release|Any CPU.Build.0 = Release|Any CPU
	EndGlobalSection
	GlobalSection(SolutionProperties) = preSolution
		HideSolutionNode = FALSE
	EndGlobalSection
	GlobalSection(ExtensibilityGlobals) = postSolution
		SolutionGuid = {74D4984D-8C2C-43C0-A929-F7C2D9F8FB92}
	EndGlobalSection
EndGlobal
