
Microsoft Visual Studio Solution File, Format Version 12.00
# Visual Studio 15
VisualStudioVersion = 15.0.28307.168
MinimumVisualStudioVersion = 10.0.40219.1
Project("{FAE04EC0-301F-11D3-BF4B-00C04F79EFBC}") = "FizzBuzz.UnitTests", "FizzBuzz.UnitTests\FizzBuzz.UnitTests.csproj", "{DC88AF58-3AA9-4494-92B8-974C4D2067F4}"
EndProject
Project("{FAE04EC0-301F-11D3-BF4B-00C04F79EFBC}") = "FizzBuzzService", "FizzBuzzService\FizzBuzzService.csproj", "{34F76799-7F73-48DD-980E-84A1F8A1A285}"
EndProject
Global
	GlobalSection(SolutionConfigurationPlatforms) = preSolution
		Debug|Any CPU = Debug|Any CPU
		Release|Any CPU = Release|Any CPU
	EndGlobalSection
	GlobalSection(ProjectConfigurationPlatforms) = postSolution
		{DC88AF58-3AA9-4494-92B8-974C4D2067F4}.Debug|Any CPU.ActiveCfg = Debug|Any CPU
		{DC88AF58-3AA9-4494-92B8-974C4D2067F4}.Debug|Any CPU.Build.0 = Debug|Any CPU
		{DC88AF58-3AA9-4494-92B8-974C4D2067F4}.Release|Any CPU.ActiveCfg = Release|Any CPU
		{DC88AF58-3AA9-4494-92B8-974C4D2067F4}.Release|Any CPU.Build.0 = Release|Any CPU
		{34F76799-7F73-48DD-980E-84A1F8A1A285}.Debug|Any CPU.ActiveCfg = Debug|Any CPU
		{34F76799-7F73-48DD-980E-84A1F8A1A285}.Debug|Any CPU.Build.0 = Debug|Any CPU
		{34F76799-7F73-48DD-980E-84A1F8A1A285}.Release|Any CPU.ActiveCfg = Release|Any CPU
		{34F76799-7F73-48DD-980E-84A1F8A1A285}.Release|Any CPU.Build.0 = Release|Any CPU
	EndGlobalSection
	GlobalSection(SolutionProperties) = preSolution
		HideSolutionNode = FALSE
	EndGlobalSection
	GlobalSection(ExtensibilityGlobals) = postSolution
		SolutionGuid = {8B3A3DAA-78D0-4302-B609-844E14E2014D}
	EndGlobalSection
EndGlobal
